
Microsoft Visual Studio Solution File, Format Version 12.00
# Visual Studio 15
VisualStudioVersion = 15.0.27703.2026
MinimumVisualStudioVersion = 10.0.40219.1
Project("{888888A0-9F3D-457C-B088-3A5042F75D52}") = "Python_ConnectFour", "Python_ConnectFour\Python_ConnectFour.pyproj", "{3B23AB8C-170F-4352-86E7-273704096720}"
EndProject
Global
	GlobalSection(SolutionConfigurationPlatforms) = preSolution
		Debug|Any CPU = Debug|Any CPU
		Release|Any CPU = Release|Any CPU
	EndGlobalSection
	GlobalSection(ProjectConfigurationPlatforms) = postSolution
		{3B23AB8C-170F-4352-86E7-273704096720}.Debug|Any CPU.ActiveCfg = Debug|Any CPU
		{3B23AB8C-170F-4352-86E7-273704096720}.Release|Any CPU.ActiveCfg = Release|Any CPU
	EndGlobalSection
	GlobalSection(SolutionProperties) = preSolution
		HideSolutionNode = FALSE
	EndGlobalSection
	GlobalSection(ExtensibilityGlobals) = postSolution
		SolutionGuid = {0D3BD26A-2E55-4ABE-981E-203CAF9ED058}
	EndGlobalSection
EndGlobal
